
Microsoft Visual Studio Solution File, Format Version 12.00
# Visual Studio Version 16
VisualStudioVersion = 16.0.31702.278
MinimumVisualStudioVersion = 10.0.40219.1
Project("{888888A0-9F3D-457C-B088-3A5042F75D52}") = "ÇarpımTablosunuYazdırmaPython", "ÇarpımTablosunuYazdırmaPython.pyproj", "{67F66047-65CB-4C7E-8B19-2A167D416D04}"
EndProject
Global
	GlobalSection(SolutionConfigurationPlatforms) = preSolution
		Debug|Any CPU = Debug|Any CPU
		Release|Any CPU = Release|Any CPU
	EndGlobalSection
	GlobalSection(ProjectConfigurationPlatforms) = postSolution
		{67F66047-65CB-4C7E-8B19-2A167D416D04}.Debug|Any CPU.ActiveCfg = Debug|Any CPU
		{67F66047-65CB-4C7E-8B19-2A167D416D04}.Release|Any CPU.ActiveCfg = Release|Any CPU
	EndGlobalSection
	GlobalSection(SolutionProperties) = preSolution
		HideSolutionNode = FALSE
	EndGlobalSection
	GlobalSection(ExtensibilityGlobals) = postSolution
		SolutionGuid = {6E90CE7F-F60A-4326-A768-68438E19538A}
	EndGlobalSection
EndGlobal
